
Microsoft Visual Studio Solution File, Format Version 12.00
# Visual Studio Version 17
VisualStudioVersion = 17.10.35122.118
MinimumVisualStudioVersion = 10.0.40219.1
Project("{FAE04EC0-301F-11D3-BF4B-00C04F79EFBC}") = "UniformCostSearchExample", "UniformCostSearchExample\UniformCostSearchExample.csproj", "{53BD4EC7-E280-4A3B-BCD2-10F2E9D6249B}"
EndProject
Project("{2150E333-8FDC-42A3-9474-1A3956D46DE8}") = "Solution Items", "Solution Items", "{63CAAF2A-8193-46CE-8699-C7BEB286F6F6}"
	ProjectSection(SolutionItems) = preProject
		README.md = README.md
	EndProjectSection
EndProject
Global
	GlobalSection(SolutionConfigurationPlatforms) = preSolution
		Debug|Any CPU = Debug|Any CPU
		Release|Any CPU = Release|Any CPU
	EndGlobalSection
	GlobalSection(ProjectConfigurationPlatforms) = postSolution
		{53BD4EC7-E280-4A3B-BCD2-10F2E9D6249B}.Debug|Any CPU.ActiveCfg = Debug|Any CPU
		{53BD4EC7-E280-4A3B-BCD2-10F2E9D6249B}.Debug|Any CPU.Build.0 = Debug|Any CPU
		{53BD4EC7-E280-4A3B-BCD2-10F2E9D6249B}.Release|Any CPU.ActiveCfg = Release|Any CPU
		{53BD4EC7-E280-4A3B-BCD2-10F2E9D6249B}.Release|Any CPU.Build.0 = Release|Any CPU
	EndGlobalSection
	GlobalSection(SolutionProperties) = preSolution
		HideSolutionNode = FALSE
	EndGlobalSection
	GlobalSection(ExtensibilityGlobals) = postSolution
		SolutionGuid = {39173470-4B1D-44F3-80EB-C9AAC195ECEE}
	EndGlobalSection
EndGlobal
